{
  "nodes": {
    "all-cabal-hashes": {
      "flake": false,
      "locked": {
        "lastModified": 1658991127,
        "narHash": "sha256-DJ/Iioi/Qr9vGxIvyG7pRhhtmXmcK0sprKz+64aHpcc=",
        "owner": "commercialhaskell",
        "repo": "all-cabal-hashes",
        "rev": "c2ca17ff7ef082d85714049a635cd1dbd0eb72a8",
        "type": "github"
      },
      "original": {
        "owner": "commercialhaskell",
        "ref": "hackage",
        "repo": "all-cabal-hashes",
        "type": "github"
      }
    },
    "flake-utils": {
      "locked": {
        "lastModified": 1656928814,
        "narHash": "sha256-RIFfgBuKz6Hp89yRr7+NR5tzIAbn52h8vT6vXkYjZoM=",
        "owner": "numtide",
        "repo": "flake-utils",
        "rev": "7e2a3b3dfd9af950a856d66b0a7d01e3c18aa249",
        "type": "github"
      },
      "original": {
        "owner": "numtide",
        "repo": "flake-utils",
        "type": "github"
      }
    },
    "nixpkgs": {
      "locked": {
        "lastModified": 1658290795,
        "narHash": "sha256-t9hCidaSxPmzUimcSn51bjqcjjGsoQi6JLrAzJq0dz4=",
        "owner": "NixOS",
        "repo": "nixpkgs",
        "rev": "614a842b74b7a1497e8cfca7c61bec38f51911b3",
        "type": "github"
      },
      "original": {
        "id": "nixpkgs",
        "ref": "nixos-unstable",
        "type": "indirect"
      }
    },
    "root": {
      "inputs": {
        "all-cabal-hashes": "all-cabal-hashes",
        "flake-utils": "flake-utils",
        "nixpkgs": "nixpkgs"
      }
    }
  },
  "root": "root",
  "version": 7
}
