{
  "nodes": {
    "all-cabal-files": {
      "flake": false,
      "locked": {
        "lastModified": 1658329040,
        "narHash": "sha256-z4D6y7daPwM5RQ6PFcTmVZvyn9BwEImGCvLZhwFM0iI=",
        "owner": "commercialhaskell",
        "repo": "all-cabal-files",
        "rev": "f824cbadb4fef7c2255792d42fca1c171f406267",
        "type": "github"
      },
      "original": {
        "owner": "commercialhaskell",
        "ref": "hackage",
        "repo": "all-cabal-files",
        "type": "github"
      }
    },
    "flake-utils": {
      "locked": {
        "lastModified": 1656928814,
        "narHash": "sha256-RIFfgBuKz6Hp89yRr7+NR5tzIAbn52h8vT6vXkYjZoM=",
        "owner": "numtide",
        "repo": "flake-utils",
        "rev": "7e2a3b3dfd9af950a856d66b0a7d01e3c18aa249",
        "type": "github"
      },
      "original": {
        "owner": "numtide",
        "repo": "flake-utils",
        "type": "github"
      }
    },
    "nixpkgs": {
      "locked": {
        "lastModified": 1658290795,
        "narHash": "sha256-t9hCidaSxPmzUimcSn51bjqcjjGsoQi6JLrAzJq0dz4=",
        "owner": "NixOS",
        "repo": "nixpkgs",
        "rev": "614a842b74b7a1497e8cfca7c61bec38f51911b3",
        "type": "github"
      },
      "original": {
        "id": "nixpkgs",
        "ref": "nixos-unstable",
        "type": "indirect"
      }
    },
    "root": {
      "inputs": {
        "all-cabal-files": "all-cabal-files",
        "flake-utils": "flake-utils",
        "nixpkgs": "nixpkgs"
      }
    }
  },
  "root": "root",
  "version": 7
}
